
Microsoft Visual Studio Solution File, Format Version 12.00
# Visual Studio Version 16
VisualStudioVersion = 16.0.29911.84
MinimumVisualStudioVersion = 10.0.40219.1
Project("{9A19103F-16F7-4668-BE54-9A1E7A4F7556}") = "Sakamoto", "Sakamoto\Sakamoto.csproj", "{7EBE15D7-D865-4664-A3A8-2389E11CCD65}"
EndProject
Project("{9A19103F-16F7-4668-BE54-9A1E7A4F7556}") = "osu.Shared", "osu.Shared\osu.Shared\osu.Shared.csproj", "{E6A75F35-A6B2-4476-8550-679E43E7CB23}"
EndProject
Global
	GlobalSection(SolutionConfigurationPlatforms) = preSolution
		Debug|Any CPU = Debug|Any CPU
		Release|Any CPU = Release|Any CPU
	EndGlobalSection
	GlobalSection(ProjectConfigurationPlatforms) = postSolution
		{7EBE15D7-D865-4664-A3A8-2389E11CCD65}.Debug|Any CPU.ActiveCfg = Debug|Any CPU
		{7EBE15D7-D865-4664-A3A8-2389E11CCD65}.Debug|Any CPU.Build.0 = Debug|Any CPU
		{7EBE15D7-D865-4664-A3A8-2389E11CCD65}.Release|Any CPU.ActiveCfg = Release|Any CPU
		{7EBE15D7-D865-4664-A3A8-2389E11CCD65}.Release|Any CPU.Build.0 = Release|Any CPU
		{E6A75F35-A6B2-4476-8550-679E43E7CB23}.Debug|Any CPU.ActiveCfg = Debug|Any CPU
		{E6A75F35-A6B2-4476-8550-679E43E7CB23}.Debug|Any CPU.Build.0 = Debug|Any CPU
		{E6A75F35-A6B2-4476-8550-679E43E7CB23}.Release|Any CPU.ActiveCfg = Release|Any CPU
		{E6A75F35-A6B2-4476-8550-679E43E7CB23}.Release|Any CPU.Build.0 = Release|Any CPU
	EndGlobalSection
	GlobalSection(SolutionProperties) = preSolution
		HideSolutionNode = FALSE
	EndGlobalSection
	GlobalSection(ExtensibilityGlobals) = postSolution
		SolutionGuid = {0F15044C-E020-4E6D-9168-CD797F8294B1}
	EndGlobalSection
EndGlobal
