
Microsoft Visual Studio Solution File, Format Version 12.00
# Visual Studio Version 16
VisualStudioVersion = 16.0.30804.86
MinimumVisualStudioVersion = 10.0.40219.1
Project("{9A19103F-16F7-4668-BE54-9A1E7A4F7556}") = "Sakamoto", "Sakamoto\Sakamoto.csproj", "{6A729D25-A334-4FA6-BDE0-8CB6CE381E07}"
EndProject
Project("{2150E333-8FDC-42A3-9474-1A3956D46DE8}") = "Solution Items", "Solution Items", "{522D3BB6-7067-4026-96D7-E89C68BFD63B}"
	ProjectSection(SolutionItems) = preProject
		NuGet.config = NuGet.config
	EndProjectSection
EndProject
Global
	GlobalSection(SolutionConfigurationPlatforms) = preSolution
		Debug|Any CPU = Debug|Any CPU
		Release|Any CPU = Release|Any CPU
	EndGlobalSection
	GlobalSection(ProjectConfigurationPlatforms) = postSolution
		{6A729D25-A334-4FA6-BDE0-8CB6CE381E07}.Debug|Any CPU.ActiveCfg = Debug|Any CPU
		{6A729D25-A334-4FA6-BDE0-8CB6CE381E07}.Debug|Any CPU.Build.0 = Debug|Any CPU
		{6A729D25-A334-4FA6-BDE0-8CB6CE381E07}.Release|Any CPU.ActiveCfg = Release|Any CPU
		{6A729D25-A334-4FA6-BDE0-8CB6CE381E07}.Release|Any CPU.Build.0 = Release|Any CPU
	EndGlobalSection
	GlobalSection(SolutionProperties) = preSolution
		HideSolutionNode = FALSE
	EndGlobalSection
	GlobalSection(ExtensibilityGlobals) = postSolution
		SolutionGuid = {C2420D1E-98F6-4470-BED5-7579EFC06232}
	EndGlobalSection
EndGlobal
